{
  "name": "@nicholaswmin/fsm",
  "version": "1.10.2",
  "lockfileVersion": 3,
  "requires": true,
  "packages": {
    "": {
      "name": "@nicholaswmin/fsm",
      "version": "1.10.2",
      "license": "MIT",
      "dependencies": {
        "@nicholaswmin/fsm": "^1.9.9"
      },
      "engines": {
        "node": ">=22"
      }
    },
    "node_modules/@nicholaswmin/fsm": {
      "version": "1.9.9",
      "resolved": "https://registry.npmjs.org/@nicholaswmin/fsm/-/fsm-1.9.9.tgz",
      "integrity": "sha512-a/oPVhEft9eVODtNHnz2XV3ZhLcPYSIfr2xC1W+rAmzZszI/i5N7cNFLL4xwb/ktRPnhS5ItmXYQepEdj/HzyA==",
      "license": "MIT",
      "engines": {
        "node": ">=22"
      }
    }
  }
}
